
Microsoft Visual Studio Solution File, Format Version 12.00
# Visual Studio Version 17
VisualStudioVersion = 17.0.31903.59
MinimumVisualStudioVersion = 10.0.40219.1
Project("{2150E333-8FDC-42A3-9474-1A3956D46DE8}") = "src", "src", "{52AE6FCC-600C-48CC-969B-2466215CA452}"
EndProject
Project("{FAE04EC0-301F-11D3-BF4B-00C04F79EFBC}") = "Ondfisk.B2C.Functions", "src\Ondfisk.B2C.Functions\Ondfisk.B2C.Functions.csproj", "{1DB51797-ABCC-47B6-B40E-6D401A07F2DB}"
EndProject
Project("{FAE04EC0-301F-11D3-BF4B-00C04F79EFBC}") = "Ondfisk.B2C.Functions.Tests", "src\Ondfisk.B2C.Functions.Tests\Ondfisk.B2C.Functions.Tests.csproj", "{D59649BA-8FEA-4E84-8CD7-D48B608B40B4}"
EndProject
Global
	GlobalSection(SolutionConfigurationPlatforms) = preSolution
		Debug|Any CPU = Debug|Any CPU
		Release|Any CPU = Release|Any CPU
	EndGlobalSection
	GlobalSection(SolutionProperties) = preSolution
		HideSolutionNode = FALSE
	EndGlobalSection
	GlobalSection(ProjectConfigurationPlatforms) = postSolution
		{1DB51797-ABCC-47B6-B40E-6D401A07F2DB}.Debug|Any CPU.ActiveCfg = Debug|Any CPU
		{1DB51797-ABCC-47B6-B40E-6D401A07F2DB}.Debug|Any CPU.Build.0 = Debug|Any CPU
		{1DB51797-ABCC-47B6-B40E-6D401A07F2DB}.Release|Any CPU.ActiveCfg = Release|Any CPU
		{1DB51797-ABCC-47B6-B40E-6D401A07F2DB}.Release|Any CPU.Build.0 = Release|Any CPU
		{D59649BA-8FEA-4E84-8CD7-D48B608B40B4}.Debug|Any CPU.ActiveCfg = Debug|Any CPU
		{D59649BA-8FEA-4E84-8CD7-D48B608B40B4}.Debug|Any CPU.Build.0 = Debug|Any CPU
		{D59649BA-8FEA-4E84-8CD7-D48B608B40B4}.Release|Any CPU.ActiveCfg = Release|Any CPU
		{D59649BA-8FEA-4E84-8CD7-D48B608B40B4}.Release|Any CPU.Build.0 = Release|Any CPU
	EndGlobalSection
	GlobalSection(NestedProjects) = preSolution
		{1DB51797-ABCC-47B6-B40E-6D401A07F2DB} = {52AE6FCC-600C-48CC-969B-2466215CA452}
		{D59649BA-8FEA-4E84-8CD7-D48B608B40B4} = {52AE6FCC-600C-48CC-969B-2466215CA452}
	EndGlobalSection
EndGlobal
