
Microsoft Visual Studio Solution File, Format Version 12.00
# Visual Studio Version 17
VisualStudioVersion = 17.5.001.0
MinimumVisualStudioVersion = 10.0.40219.1
Project("{9A19103F-16F7-4668-BE54-9A1E7A4F7556}") = "Ondfisk.B2C.Functions", "Ondfisk.B2C.Functions.csproj", "{171132D5-3D9E-4E46-B395-F1474A096606}"
EndProject
Global
	GlobalSection(SolutionConfigurationPlatforms) = preSolution
		Debug|Any CPU = Debug|Any CPU
		Release|Any CPU = Release|Any CPU
	EndGlobalSection
	GlobalSection(ProjectConfigurationPlatforms) = postSolution
		{171132D5-3D9E-4E46-B395-F1474A096606}.Debug|Any CPU.ActiveCfg = Debug|Any CPU
		{171132D5-3D9E-4E46-B395-F1474A096606}.Debug|Any CPU.Build.0 = Debug|Any CPU
		{171132D5-3D9E-4E46-B395-F1474A096606}.Release|Any CPU.ActiveCfg = Release|Any CPU
		{171132D5-3D9E-4E46-B395-F1474A096606}.Release|Any CPU.Build.0 = Release|Any CPU
	EndGlobalSection
	GlobalSection(SolutionProperties) = preSolution
		HideSolutionNode = FALSE
	EndGlobalSection
	GlobalSection(ExtensibilityGlobals) = postSolution
		SolutionGuid = {04C8CC77-C416-4D52-8076-8D58F8F1BE11}
	EndGlobalSection
EndGlobal
